
Microsoft Visual Studio Solution File, Format Version 12.00
# Visual Studio Version 17
VisualStudioVersion = 17.5.33516.290
MinimumVisualStudioVersion = 10.0.40219.1
Project("{FAE04EC0-301F-11D3-BF4B-00C04F79EFBC}") = "FunnyWpf", "FunnyWpf.csproj", "{BC0A2744-9A42-45F4-B5F7-B1100E4D1ED3}"
EndProject
Global
	GlobalSection(SolutionConfigurationPlatforms) = preSolution
		Debug|Any CPU = Debug|Any CPU
		Release|Any CPU = Release|Any CPU
	EndGlobalSection
	GlobalSection(ProjectConfigurationPlatforms) = postSolution
		{BC0A2744-9A42-45F4-B5F7-B1100E4D1ED3}.Debug|Any CPU.ActiveCfg = Debug|Any CPU
		{BC0A2744-9A42-45F4-B5F7-B1100E4D1ED3}.Debug|Any CPU.Build.0 = Debug|Any CPU
		{BC0A2744-9A42-45F4-B5F7-B1100E4D1ED3}.Release|Any CPU.ActiveCfg = Release|Any CPU
		{BC0A2744-9A42-45F4-B5F7-B1100E4D1ED3}.Release|Any CPU.Build.0 = Release|Any CPU
	EndGlobalSection
	GlobalSection(SolutionProperties) = preSolution
		HideSolutionNode = FALSE
	EndGlobalSection
	GlobalSection(ExtensibilityGlobals) = postSolution
		SolutionGuid = {A2024655-2E48-4574-8184-9BF9E7165CF4}
	EndGlobalSection
EndGlobal
