
Microsoft Visual Studio Solution File, Format Version 12.00
# Visual Studio Version 17
VisualStudioVersion = 17.8.34309.116
MinimumVisualStudioVersion = 10.0.40219.1
Project("{FAE04EC0-301F-11D3-BF4B-00C04F79EFBC}") = "Time", "Time.csproj", "{66663384-D9AE-4A76-A992-C56A744C89B8}"
EndProject
Global
	GlobalSection(SolutionConfigurationPlatforms) = preSolution
		Debug|Any CPU = Debug|Any CPU
		Release|Any CPU = Release|Any CPU
	EndGlobalSection
	GlobalSection(ProjectConfigurationPlatforms) = postSolution
		{66663384-D9AE-4A76-A992-C56A744C89B8}.Debug|Any CPU.ActiveCfg = Debug|Any CPU
		{66663384-D9AE-4A76-A992-C56A744C89B8}.Debug|Any CPU.Build.0 = Debug|Any CPU
		{66663384-D9AE-4A76-A992-C56A744C89B8}.Release|Any CPU.ActiveCfg = Release|Any CPU
		{66663384-D9AE-4A76-A992-C56A744C89B8}.Release|Any CPU.Build.0 = Release|Any CPU
	EndGlobalSection
	GlobalSection(SolutionProperties) = preSolution
		HideSolutionNode = FALSE
	EndGlobalSection
	GlobalSection(ExtensibilityGlobals) = postSolution
		SolutionGuid = {C60C4A43-DFE6-4519-B938-B74B3019AA09}
	EndGlobalSection
EndGlobal
