
Microsoft Visual Studio Solution File, Format Version 12.00
# Visual Studio Version 17
VisualStudioVersion = 17.5.33516.290
MinimumVisualStudioVersion = 10.0.40219.1
Project("{FAE04EC0-301F-11D3-BF4B-00C04F79EFBC}") = "mdk01.02-1", "mdk01.02-1\mdk01.02-1.csproj", "{8733318D-7C42-4967-9698-A582E2B9D869}"
EndProject
Project("{FAE04EC0-301F-11D3-BF4B-00C04F79EFBC}") = "mdk01.02-2", "mdk01.02-2\mdk01.02-2.csproj", "{9B93E038-08C6-4F48-9D84-B9195F2CF1A0}"
EndProject
Global
	GlobalSection(SolutionConfigurationPlatforms) = preSolution
		Debug|Any CPU = Debug|Any CPU
		Release|Any CPU = Release|Any CPU
	EndGlobalSection
	GlobalSection(ProjectConfigurationPlatforms) = postSolution
		{8733318D-7C42-4967-9698-A582E2B9D869}.Debug|Any CPU.ActiveCfg = Debug|Any CPU
		{8733318D-7C42-4967-9698-A582E2B9D869}.Debug|Any CPU.Build.0 = Debug|Any CPU
		{8733318D-7C42-4967-9698-A582E2B9D869}.Release|Any CPU.ActiveCfg = Release|Any CPU
		{8733318D-7C42-4967-9698-A582E2B9D869}.Release|Any CPU.Build.0 = Release|Any CPU
		{9B93E038-08C6-4F48-9D84-B9195F2CF1A0}.Debug|Any CPU.ActiveCfg = Debug|Any CPU
		{9B93E038-08C6-4F48-9D84-B9195F2CF1A0}.Debug|Any CPU.Build.0 = Debug|Any CPU
		{9B93E038-08C6-4F48-9D84-B9195F2CF1A0}.Release|Any CPU.ActiveCfg = Release|Any CPU
		{9B93E038-08C6-4F48-9D84-B9195F2CF1A0}.Release|Any CPU.Build.0 = Release|Any CPU
	EndGlobalSection
	GlobalSection(SolutionProperties) = preSolution
		HideSolutionNode = FALSE
	EndGlobalSection
	GlobalSection(ExtensibilityGlobals) = postSolution
		SolutionGuid = {45E672C8-D342-427A-A60A-FAED6BD6AA0F}
	EndGlobalSection
EndGlobal
