
Microsoft Visual Studio Solution File, Format Version 12.00
# Visual Studio Version 17
VisualStudioVersion = 17.5.33516.290
MinimumVisualStudioVersion = 10.0.40219.1
Project("{FAE04EC0-301F-11D3-BF4B-00C04F79EFBC}") = "sorted_books", "sorted_books.csproj", "{D8E5D690-408D-4631-989B-751FB52F3135}"
EndProject
Project("{FAE04EC0-301F-11D3-BF4B-00C04F79EFBC}") = "MainWindow", "MainWindow\MainWindow.csproj", "{ADB4DFC8-D090-4B1F-9448-2D7565E77279}"
EndProject
Global
	GlobalSection(SolutionConfigurationPlatforms) = preSolution
		Debug|Any CPU = Debug|Any CPU
		Release|Any CPU = Release|Any CPU
	EndGlobalSection
	GlobalSection(ProjectConfigurationPlatforms) = postSolution
		{D8E5D690-408D-4631-989B-751FB52F3135}.Debug|Any CPU.ActiveCfg = Debug|Any CPU
		{D8E5D690-408D-4631-989B-751FB52F3135}.Debug|Any CPU.Build.0 = Debug|Any CPU
		{D8E5D690-408D-4631-989B-751FB52F3135}.Release|Any CPU.ActiveCfg = Release|Any CPU
		{D8E5D690-408D-4631-989B-751FB52F3135}.Release|Any CPU.Build.0 = Release|Any CPU
		{ADB4DFC8-D090-4B1F-9448-2D7565E77279}.Debug|Any CPU.ActiveCfg = Debug|Any CPU
		{ADB4DFC8-D090-4B1F-9448-2D7565E77279}.Debug|Any CPU.Build.0 = Debug|Any CPU
		{ADB4DFC8-D090-4B1F-9448-2D7565E77279}.Release|Any CPU.ActiveCfg = Release|Any CPU
		{ADB4DFC8-D090-4B1F-9448-2D7565E77279}.Release|Any CPU.Build.0 = Release|Any CPU
	EndGlobalSection
	GlobalSection(SolutionProperties) = preSolution
		HideSolutionNode = FALSE
	EndGlobalSection
	GlobalSection(ExtensibilityGlobals) = postSolution
		SolutionGuid = {A5596E17-FFDF-4EEF-A298-252A9CB4FB57}
	EndGlobalSection
EndGlobal
