
Microsoft Visual Studio Solution File, Format Version 12.00
Project("{FAE04EC0-301F-11D3-BF4B-00C04F79EFBC}") = "Array18", "Array18\Array18.csproj", "{D6A9F8B1-9CF7-46FF-A8BF-39FF15738C4D}"
EndProject
Project("{FAE04EC0-301F-11D3-BF4B-00C04F79EFBC}") = "Begin18", "Begin18\Begin18.csproj", "{C0090FBB-F0D7-490D-A975-CFDA71EABEDC}"
EndProject
Project("{FAE04EC0-301F-11D3-BF4B-00C04F79EFBC}") = "Boolean18", "Boolean18\Boolean18.csproj", "{7740996C-0E81-42F9-8DE6-45B27E62A933}"
EndProject
Project("{FAE04EC0-301F-11D3-BF4B-00C04F79EFBC}") = "Case18", "Case18\Case18.csproj", "{BCB0EE01-6D63-4632-891C-D3A4323F4026}"
EndProject
Project("{FAE04EC0-301F-11D3-BF4B-00C04F79EFBC}") = "Dynamic18", "Dynamic18\Dynamic18.csproj", "{DF6685C0-50CD-4B93-A936-D4BB92C6417F}"
EndProject
Project("{FAE04EC0-301F-11D3-BF4B-00C04F79EFBC}") = "Dynamic_obj18", "Dynamic_obj18\Dynamic_obj18.csproj", "{BA44E2C4-8C5F-4D92-874B-973BFF3C69A8}"
EndProject
Project("{FAE04EC0-301F-11D3-BF4B-00C04F79EFBC}") = "File18", "File18\File18.csproj", "{87A8051E-8886-458B-A1A5-90C6FED26F54}"
EndProject
Project("{FAE04EC0-301F-11D3-BF4B-00C04F79EFBC}") = "For18", "For18\For18.csproj", "{DD51EC45-D809-40DF-945F-B0219A3ED457}"
EndProject
Project("{FAE04EC0-301F-11D3-BF4B-00C04F79EFBC}") = "Func18", "Func18\Func18.csproj", "{C63D0388-55C8-41DE-B4A7-E6F488BF30BB}"
EndProject
Project("{FAE04EC0-301F-11D3-BF4B-00C04F79EFBC}") = "if18", "if18\if18.csproj", "{5F0D5025-BAB5-4383-997B-D9BFC9F2FD86}"
EndProject
Project("{FAE04EC0-301F-11D3-BF4B-00C04F79EFBC}") = "Integer18", "Integer18\Integer18.csproj", "{89DB862E-FD32-4D7B-A9DD-524CDAB8D595}"
EndProject
Project("{FAE04EC0-301F-11D3-BF4B-00C04F79EFBC}") = "Matrix18", "Matrix18\Matrix18.csproj", "{5344FE3B-D0A0-45C3-996D-676CF2A083E5}"
EndProject
Project("{FAE04EC0-301F-11D3-BF4B-00C04F79EFBC}") = "Minmax18", "Minmax18\Minmax18.csproj", "{66985A43-2258-40B5-B01C-DA590CDE5427}"
EndProject
Project("{FAE04EC0-301F-11D3-BF4B-00C04F79EFBC}") = "Param18", "Param18\Param18.csproj", "{6D0F2BA9-0DEE-499C-B471-A903513BB4A0}"
EndProject
Project("{FAE04EC0-301F-11D3-BF4B-00C04F79EFBC}") = "Proc12", "Proc12\Proc12.csproj", "{8CA3D96B-BD48-40CA-8034-9A3F61579F50}"
EndProject
Project("{FAE04EC0-301F-11D3-BF4B-00C04F79EFBC}") = "Recur17", "Recur17\Recur17.csproj", "{61051F40-089C-4A77-AF37-F604D65CFC4F}"
EndProject
Project("{FAE04EC0-301F-11D3-BF4B-00C04F79EFBC}") = "Series18", "Series18\Series18.csproj", "{2E08F264-8BED-405F-8E40-DCA29E7FF847}"
EndProject
Project("{FAE04EC0-301F-11D3-BF4B-00C04F79EFBC}") = "String18", "String18\String18.csproj", "{21080DDC-50F9-4C70-85CD-7ADF6F88F968}"
EndProject
Project("{FAE04EC0-301F-11D3-BF4B-00C04F79EFBC}") = "Text18", "Text18\Text18.csproj", "{7530EFA8-EFDA-46AB-A096-9154D731B804}"
EndProject
Project("{FAE04EC0-301F-11D3-BF4B-00C04F79EFBC}") = "While18", "While18\While18.csproj", "{A6123154-D87B-4FC7-9464-16BFA7648869}"
EndProject
Global
	GlobalSection(SolutionConfigurationPlatforms) = preSolution
		Debug|Any CPU = Debug|Any CPU
		Release|Any CPU = Release|Any CPU
	EndGlobalSection
	GlobalSection(ProjectConfigurationPlatforms) = postSolution
		{D6A9F8B1-9CF7-46FF-A8BF-39FF15738C4D}.Debug|Any CPU.ActiveCfg = Debug|Any CPU
		{D6A9F8B1-9CF7-46FF-A8BF-39FF15738C4D}.Debug|Any CPU.Build.0 = Debug|Any CPU
		{D6A9F8B1-9CF7-46FF-A8BF-39FF15738C4D}.Release|Any CPU.ActiveCfg = Release|Any CPU
		{D6A9F8B1-9CF7-46FF-A8BF-39FF15738C4D}.Release|Any CPU.Build.0 = Release|Any CPU
		{C0090FBB-F0D7-490D-A975-CFDA71EABEDC}.Debug|Any CPU.ActiveCfg = Debug|Any CPU
		{C0090FBB-F0D7-490D-A975-CFDA71EABEDC}.Debug|Any CPU.Build.0 = Debug|Any CPU
		{C0090FBB-F0D7-490D-A975-CFDA71EABEDC}.Release|Any CPU.ActiveCfg = Release|Any CPU
		{C0090FBB-F0D7-490D-A975-CFDA71EABEDC}.Release|Any CPU.Build.0 = Release|Any CPU
		{7740996C-0E81-42F9-8DE6-45B27E62A933}.Debug|Any CPU.ActiveCfg = Debug|Any CPU
		{7740996C-0E81-42F9-8DE6-45B27E62A933}.Debug|Any CPU.Build.0 = Debug|Any CPU
		{7740996C-0E81-42F9-8DE6-45B27E62A933}.Release|Any CPU.ActiveCfg = Release|Any CPU
		{7740996C-0E81-42F9-8DE6-45B27E62A933}.Release|Any CPU.Build.0 = Release|Any CPU
		{BCB0EE01-6D63-4632-891C-D3A4323F4026}.Debug|Any CPU.ActiveCfg = Debug|Any CPU
		{BCB0EE01-6D63-4632-891C-D3A4323F4026}.Debug|Any CPU.Build.0 = Debug|Any CPU
		{BCB0EE01-6D63-4632-891C-D3A4323F4026}.Release|Any CPU.ActiveCfg = Release|Any CPU
		{BCB0EE01-6D63-4632-891C-D3A4323F4026}.Release|Any CPU.Build.0 = Release|Any CPU
		{DF6685C0-50CD-4B93-A936-D4BB92C6417F}.Debug|Any CPU.ActiveCfg = Debug|Any CPU
		{DF6685C0-50CD-4B93-A936-D4BB92C6417F}.Debug|Any CPU.Build.0 = Debug|Any CPU
		{DF6685C0-50CD-4B93-A936-D4BB92C6417F}.Release|Any CPU.ActiveCfg = Release|Any CPU
		{DF6685C0-50CD-4B93-A936-D4BB92C6417F}.Release|Any CPU.Build.0 = Release|Any CPU
		{BA44E2C4-8C5F-4D92-874B-973BFF3C69A8}.Debug|Any CPU.ActiveCfg = Debug|Any CPU
		{BA44E2C4-8C5F-4D92-874B-973BFF3C69A8}.Debug|Any CPU.Build.0 = Debug|Any CPU
		{BA44E2C4-8C5F-4D92-874B-973BFF3C69A8}.Release|Any CPU.ActiveCfg = Release|Any CPU
		{BA44E2C4-8C5F-4D92-874B-973BFF3C69A8}.Release|Any CPU.Build.0 = Release|Any CPU
		{87A8051E-8886-458B-A1A5-90C6FED26F54}.Debug|Any CPU.ActiveCfg = Debug|Any CPU
		{87A8051E-8886-458B-A1A5-90C6FED26F54}.Debug|Any CPU.Build.0 = Debug|Any CPU
		{87A8051E-8886-458B-A1A5-90C6FED26F54}.Release|Any CPU.ActiveCfg = Release|Any CPU
		{87A8051E-8886-458B-A1A5-90C6FED26F54}.Release|Any CPU.Build.0 = Release|Any CPU
		{DD51EC45-D809-40DF-945F-B0219A3ED457}.Debug|Any CPU.ActiveCfg = Debug|Any CPU
		{DD51EC45-D809-40DF-945F-B0219A3ED457}.Debug|Any CPU.Build.0 = Debug|Any CPU
		{DD51EC45-D809-40DF-945F-B0219A3ED457}.Release|Any CPU.ActiveCfg = Release|Any CPU
		{DD51EC45-D809-40DF-945F-B0219A3ED457}.Release|Any CPU.Build.0 = Release|Any CPU
		{C63D0388-55C8-41DE-B4A7-E6F488BF30BB}.Debug|Any CPU.ActiveCfg = Debug|Any CPU
		{C63D0388-55C8-41DE-B4A7-E6F488BF30BB}.Debug|Any CPU.Build.0 = Debug|Any CPU
		{C63D0388-55C8-41DE-B4A7-E6F488BF30BB}.Release|Any CPU.ActiveCfg = Release|Any CPU
		{C63D0388-55C8-41DE-B4A7-E6F488BF30BB}.Release|Any CPU.Build.0 = Release|Any CPU
		{5F0D5025-BAB5-4383-997B-D9BFC9F2FD86}.Debug|Any CPU.ActiveCfg = Debug|Any CPU
		{5F0D5025-BAB5-4383-997B-D9BFC9F2FD86}.Debug|Any CPU.Build.0 = Debug|Any CPU
		{5F0D5025-BAB5-4383-997B-D9BFC9F2FD86}.Release|Any CPU.ActiveCfg = Release|Any CPU
		{5F0D5025-BAB5-4383-997B-D9BFC9F2FD86}.Release|Any CPU.Build.0 = Release|Any CPU
		{89DB862E-FD32-4D7B-A9DD-524CDAB8D595}.Debug|Any CPU.ActiveCfg = Debug|Any CPU
		{89DB862E-FD32-4D7B-A9DD-524CDAB8D595}.Debug|Any CPU.Build.0 = Debug|Any CPU
		{89DB862E-FD32-4D7B-A9DD-524CDAB8D595}.Release|Any CPU.ActiveCfg = Release|Any CPU
		{89DB862E-FD32-4D7B-A9DD-524CDAB8D595}.Release|Any CPU.Build.0 = Release|Any CPU
		{5344FE3B-D0A0-45C3-996D-676CF2A083E5}.Debug|Any CPU.ActiveCfg = Debug|Any CPU
		{5344FE3B-D0A0-45C3-996D-676CF2A083E5}.Debug|Any CPU.Build.0 = Debug|Any CPU
		{5344FE3B-D0A0-45C3-996D-676CF2A083E5}.Release|Any CPU.ActiveCfg = Release|Any CPU
		{5344FE3B-D0A0-45C3-996D-676CF2A083E5}.Release|Any CPU.Build.0 = Release|Any CPU
		{66985A43-2258-40B5-B01C-DA590CDE5427}.Debug|Any CPU.ActiveCfg = Debug|Any CPU
		{66985A43-2258-40B5-B01C-DA590CDE5427}.Debug|Any CPU.Build.0 = Debug|Any CPU
		{66985A43-2258-40B5-B01C-DA590CDE5427}.Release|Any CPU.ActiveCfg = Release|Any CPU
		{66985A43-2258-40B5-B01C-DA590CDE5427}.Release|Any CPU.Build.0 = Release|Any CPU
		{6D0F2BA9-0DEE-499C-B471-A903513BB4A0}.Debug|Any CPU.ActiveCfg = Debug|Any CPU
		{6D0F2BA9-0DEE-499C-B471-A903513BB4A0}.Debug|Any CPU.Build.0 = Debug|Any CPU
		{6D0F2BA9-0DEE-499C-B471-A903513BB4A0}.Release|Any CPU.ActiveCfg = Release|Any CPU
		{6D0F2BA9-0DEE-499C-B471-A903513BB4A0}.Release|Any CPU.Build.0 = Release|Any CPU
		{8CA3D96B-BD48-40CA-8034-9A3F61579F50}.Debug|Any CPU.ActiveCfg = Debug|Any CPU
		{8CA3D96B-BD48-40CA-8034-9A3F61579F50}.Debug|Any CPU.Build.0 = Debug|Any CPU
		{8CA3D96B-BD48-40CA-8034-9A3F61579F50}.Release|Any CPU.ActiveCfg = Release|Any CPU
		{8CA3D96B-BD48-40CA-8034-9A3F61579F50}.Release|Any CPU.Build.0 = Release|Any CPU
		{61051F40-089C-4A77-AF37-F604D65CFC4F}.Debug|Any CPU.ActiveCfg = Debug|Any CPU
		{61051F40-089C-4A77-AF37-F604D65CFC4F}.Debug|Any CPU.Build.0 = Debug|Any CPU
		{61051F40-089C-4A77-AF37-F604D65CFC4F}.Release|Any CPU.ActiveCfg = Release|Any CPU
		{61051F40-089C-4A77-AF37-F604D65CFC4F}.Release|Any CPU.Build.0 = Release|Any CPU
		{2E08F264-8BED-405F-8E40-DCA29E7FF847}.Debug|Any CPU.ActiveCfg = Debug|Any CPU
		{2E08F264-8BED-405F-8E40-DCA29E7FF847}.Debug|Any CPU.Build.0 = Debug|Any CPU
		{2E08F264-8BED-405F-8E40-DCA29E7FF847}.Release|Any CPU.ActiveCfg = Release|Any CPU
		{2E08F264-8BED-405F-8E40-DCA29E7FF847}.Release|Any CPU.Build.0 = Release|Any CPU
		{21080DDC-50F9-4C70-85CD-7ADF6F88F968}.Debug|Any CPU.ActiveCfg = Debug|Any CPU
		{21080DDC-50F9-4C70-85CD-7ADF6F88F968}.Debug|Any CPU.Build.0 = Debug|Any CPU
		{21080DDC-50F9-4C70-85CD-7ADF6F88F968}.Release|Any CPU.ActiveCfg = Release|Any CPU
		{21080DDC-50F9-4C70-85CD-7ADF6F88F968}.Release|Any CPU.Build.0 = Release|Any CPU
		{7530EFA8-EFDA-46AB-A096-9154D731B804}.Debug|Any CPU.ActiveCfg = Debug|Any CPU
		{7530EFA8-EFDA-46AB-A096-9154D731B804}.Debug|Any CPU.Build.0 = Debug|Any CPU
		{7530EFA8-EFDA-46AB-A096-9154D731B804}.Release|Any CPU.ActiveCfg = Release|Any CPU
		{7530EFA8-EFDA-46AB-A096-9154D731B804}.Release|Any CPU.Build.0 = Release|Any CPU
		{A6123154-D87B-4FC7-9464-16BFA7648869}.Debug|Any CPU.ActiveCfg = Debug|Any CPU
		{A6123154-D87B-4FC7-9464-16BFA7648869}.Debug|Any CPU.Build.0 = Debug|Any CPU
		{A6123154-D87B-4FC7-9464-16BFA7648869}.Release|Any CPU.ActiveCfg = Release|Any CPU
		{A6123154-D87B-4FC7-9464-16BFA7648869}.Release|Any CPU.Build.0 = Release|Any CPU
	EndGlobalSection
EndGlobal
