
Microsoft Visual Studio Solution File, Format Version 12.00
# Visual Studio Version 17
VisualStudioVersion = 17.5.33516.290
MinimumVisualStudioVersion = 10.0.40219.1
Project("{FAE04EC0-301F-11D3-BF4B-00C04F79EFBC}") = "oop", "oop\oop.csproj", "{F21748FE-72EB-4554-9071-E72FB3634A21}"
EndProject
Project("{FAE04EC0-301F-11D3-BF4B-00C04F79EFBC}") = "colors", "colors\colors.csproj", "{AC15270F-9B8B-4785-B56B-705A9B940B09}"
EndProject
Global
	GlobalSection(SolutionConfigurationPlatforms) = preSolution
		Debug|Any CPU = Debug|Any CPU
		Release|Any CPU = Release|Any CPU
	EndGlobalSection
	GlobalSection(ProjectConfigurationPlatforms) = postSolution
		{F21748FE-72EB-4554-9071-E72FB3634A21}.Debug|Any CPU.ActiveCfg = Debug|Any CPU
		{F21748FE-72EB-4554-9071-E72FB3634A21}.Debug|Any CPU.Build.0 = Debug|Any CPU
		{F21748FE-72EB-4554-9071-E72FB3634A21}.Release|Any CPU.ActiveCfg = Release|Any CPU
		{F21748FE-72EB-4554-9071-E72FB3634A21}.Release|Any CPU.Build.0 = Release|Any CPU
		{AC15270F-9B8B-4785-B56B-705A9B940B09}.Debug|Any CPU.ActiveCfg = Debug|Any CPU
		{AC15270F-9B8B-4785-B56B-705A9B940B09}.Debug|Any CPU.Build.0 = Debug|Any CPU
		{AC15270F-9B8B-4785-B56B-705A9B940B09}.Release|Any CPU.ActiveCfg = Release|Any CPU
		{AC15270F-9B8B-4785-B56B-705A9B940B09}.Release|Any CPU.Build.0 = Release|Any CPU
	EndGlobalSection
	GlobalSection(SolutionProperties) = preSolution
		HideSolutionNode = FALSE
	EndGlobalSection
	GlobalSection(ExtensibilityGlobals) = postSolution
		SolutionGuid = {8D14F9AA-61FD-471A-870F-5BD6959357D5}
	EndGlobalSection
EndGlobal
